{
    "_readme": [
        "This file locks the dependencies of your project to a known state",
        "Read more about it at https://getcomposer.org/doc/01-basic-usage.md#composer-lock-the-lock-file",
        "This file is @generated automatically"
    ],
    "hash": "d4579ed3ea4e2121825698f8f8e31152",
    "packages": [
        {
            "name": "vertexvaar/bluewelcome",
            "version": "dev-master",
            "source": {
                "type": "git",
                "url": "https://github.com/vertexvaar/VerteXVaaR.BlueWelcome.git",
                "reference": "83f88dc03be53084b26f257e82035381d9e8a326"
            },
            "dist": {
                "type": "zip",
                "url": "https://api.github.com/repos/vertexvaar/VerteXVaaR.BlueWelcome/zipball/83f88dc03be53084b26f257e82035381d9e8a326",
                "reference": "83f88dc03be53084b26f257e82035381d9e8a326",
                "shasum": ""
            },
            "require": {
                "php": ">=5.5.0"
            },
            "type": "library",
            "autoload": {
                "psr-4": {
                    "VerteXVaaR\\BlueWelcome\\": "src/"
                }
            },
            "notification-url": "https://packagist.org/downloads/",
            "license": [
                "GPL-3.0+"
            ],
            "authors": [
                {
                    "name": "Oliver Eglseder",
                    "email": "bluesprints@vxvr.de",
                    "homepage": "http://vxvr.de/",
                    "role": "Developer"
                }
            ],
            "description": "Example Package for VertXVaaR.BlueSprints",
            "time": "2015-05-22 15:36:56"
        }
    ],
    "packages-dev": [],
    "aliases": [],
    "minimum-stability": "stable",
    "stability-flags": {
        "vertexvaar/bluewelcome": 20
    },
    "prefer-stable": false,
    "prefer-lowest": false,
    "platform": {
        "php": ">=5.5.0"
    },
    "platform-dev": []
}
